
Microsoft Visual Studio Solution File, Format Version 12.00
# Visual Studio Version 17
VisualStudioVersion = 17.3.32819.101
MinimumVisualStudioVersion = 10.0.40219.1
Project("{FAE04EC0-301F-11D3-BF4B-00C04F79EFBC}") = "WebBanHoa", "WebBanHoa\WebBanHoa.csproj", "{69AB5EBA-570E-4BCD-B5A6-BEFDCE455BFE}"
EndProject
Global
	GlobalSection(SolutionConfigurationPlatforms) = preSolution
		Debug|Any CPU = Debug|Any CPU
		Release|Any CPU = Release|Any CPU
	EndGlobalSection
	GlobalSection(ProjectConfigurationPlatforms) = postSolution
		{69AB5EBA-570E-4BCD-B5A6-BEFDCE455BFE}.Debug|Any CPU.ActiveCfg = Debug|Any CPU
		{69AB5EBA-570E-4BCD-B5A6-BEFDCE455BFE}.Debug|Any CPU.Build.0 = Debug|Any CPU
		{69AB5EBA-570E-4BCD-B5A6-BEFDCE455BFE}.Release|Any CPU.ActiveCfg = Release|Any CPU
		{69AB5EBA-570E-4BCD-B5A6-BEFDCE455BFE}.Release|Any CPU.Build.0 = Release|Any CPU
	EndGlobalSection
	GlobalSection(SolutionProperties) = preSolution
		HideSolutionNode = FALSE
	EndGlobalSection
	GlobalSection(ExtensibilityGlobals) = postSolution
		SolutionGuid = {C6B2BC32-7C83-4935-B5F2-34264365153C}
	EndGlobalSection
EndGlobal
